
Microsoft Visual Studio Solution File, Format Version 12.00
# Visual Studio Version 17
VisualStudioVersion = 17.4.33205.214
MinimumVisualStudioVersion = 10.0.40219.1
Project("{9A19103F-16F7-4668-BE54-9A1E7A4F7556}") = "TaskManagement", "TaskManagement\TaskManagement.csproj", "{2DEE9F65-FE2C-4D95-9AB0-C67170C87152}"
EndProject
Project("{FAE04EC0-301F-11D3-BF4B-00C04F79EFBC}") = "TaskManagementVue", "TaskManagementVue\TaskManagementVue.csproj", "{D7F4F6B9-2664-461E-B18D-D82C3DE2A21B}"
EndProject
Global
	GlobalSection(SolutionConfigurationPlatforms) = preSolution
		Debug|Any CPU = Debug|Any CPU
		Release|Any CPU = Release|Any CPU
	EndGlobalSection
	GlobalSection(ProjectConfigurationPlatforms) = postSolution
		{2DEE9F65-FE2C-4D95-9AB0-C67170C87152}.Debug|Any CPU.ActiveCfg = Debug|Any CPU
		{2DEE9F65-FE2C-4D95-9AB0-C67170C87152}.Debug|Any CPU.Build.0 = Debug|Any CPU
		{2DEE9F65-FE2C-4D95-9AB0-C67170C87152}.Release|Any CPU.ActiveCfg = Release|Any CPU
		{2DEE9F65-FE2C-4D95-9AB0-C67170C87152}.Release|Any CPU.Build.0 = Release|Any CPU
		{D7F4F6B9-2664-461E-B18D-D82C3DE2A21B}.Debug|Any CPU.ActiveCfg = Debug|Any CPU
		{D7F4F6B9-2664-461E-B18D-D82C3DE2A21B}.Debug|Any CPU.Build.0 = Debug|Any CPU
		{D7F4F6B9-2664-461E-B18D-D82C3DE2A21B}.Release|Any CPU.ActiveCfg = Release|Any CPU
		{D7F4F6B9-2664-461E-B18D-D82C3DE2A21B}.Release|Any CPU.Build.0 = Release|Any CPU
	EndGlobalSection
	GlobalSection(SolutionProperties) = preSolution
		HideSolutionNode = FALSE
	EndGlobalSection
	GlobalSection(ExtensibilityGlobals) = postSolution
		SolutionGuid = {C5D6DC0D-C4F5-4A4A-A4BE-E4BB73F2D6CA}
	EndGlobalSection
EndGlobal
